{
  "name": "angular-srcs2",
  "version": "13.2.0-next.0",
  "lockfileVersion": 1,
  "requires": true,
  "dependencies": {
    "@angular/dev-infra-private": {
      "version": "git+https://github.com/angular/dev-infra-private-builds.git#e4a13cfd135ec766dc9148ba4fe4d3ac76d94137",
      "from": "git+https://github.com/angular/dev-infra-private-builds.git#e4a13cfd135ec766dc9148ba4fe4d3ac76d94137",
      "dev": false,
      "requires": {
        "@bazel/typescript": "4.4.6",
        "semver": "^7.3.5"
      },
      "dependencies": {
        "@bazel/typescript": {
          "version": "4.4.6",
          "resolved": "https://registry.npmjs.org/@bazel/typescript/-/typescript-4.4.6.tgz",
          "integrity": "sha512-J205En8MjmnWSPnz4CqJm1x4mzcdWM+HvAsOzzVb0DHx86O+mjPFwqleeAtPGLTE9aWskel81XICJfEuTlNtiw==",
          "dev": false,
          "requires": {
            "@bazel/worker": "4.4.6",
            "protobufjs": "6.8.8",
            "semver": "5.6.0",
            "source-map-support": "0.5.9",
            "tsutils": "3.21.0"
          },
          "dependencies": {
            "semver": {
              "version": "5.6.0",
              "resolved": "https://registry.npmjs.org/semver/-/semver-5.6.0.tgz",
              "integrity": "sha512-RS9R6R35NYgQn++fkDWaOmqGoj4Ek9gGs+DPxNUZKuwE183xjJroKvyo1IzVFeXvUrvmALy6FWD5xrdJT25gMg==",
              "dev": false
            }
          }
        }
      }
    }
  }
}
